
Microsoft Visual Studio Solution File, Format Version 12.00
# Visual Studio Version 17
VisualStudioVersion = 17.5.33516.290
MinimumVisualStudioVersion = 10.0.40219.1
Project("{9A19103F-16F7-4668-BE54-9A1E7A4F7556}") = "SunClouds", "SunClouds\SunClouds.csproj", "{ED2D9049-2C37-4C7F-A45B-BE5E55A5CB8A}"
EndProject
Project("{9A19103F-16F7-4668-BE54-9A1E7A4F7556}") = "ThemeLib", "ThemeLib\ThemeLib.csproj", "{2E6CC38C-CD39-42E6-BA25-F524C71533D5}"
EndProject
Project("{FAE04EC0-301F-11D3-BF4B-00C04F79EFBC}") = "DerSerLib", "DerSerLib\DerSerLib.csproj", "{46C418E9-D730-4DEA-9C10-72BE58B647F7}"
EndProject
Global
	GlobalSection(SolutionConfigurationPlatforms) = preSolution
		Debug|Any CPU = Debug|Any CPU
		Release|Any CPU = Release|Any CPU
	EndGlobalSection
	GlobalSection(ProjectConfigurationPlatforms) = postSolution
		{ED2D9049-2C37-4C7F-A45B-BE5E55A5CB8A}.Debug|Any CPU.ActiveCfg = Debug|Any CPU
		{ED2D9049-2C37-4C7F-A45B-BE5E55A5CB8A}.Debug|Any CPU.Build.0 = Debug|Any CPU
		{ED2D9049-2C37-4C7F-A45B-BE5E55A5CB8A}.Release|Any CPU.ActiveCfg = Release|Any CPU
		{ED2D9049-2C37-4C7F-A45B-BE5E55A5CB8A}.Release|Any CPU.Build.0 = Release|Any CPU
		{2E6CC38C-CD39-42E6-BA25-F524C71533D5}.Debug|Any CPU.ActiveCfg = Debug|Any CPU
		{2E6CC38C-CD39-42E6-BA25-F524C71533D5}.Debug|Any CPU.Build.0 = Debug|Any CPU
		{2E6CC38C-CD39-42E6-BA25-F524C71533D5}.Release|Any CPU.ActiveCfg = Release|Any CPU
		{2E6CC38C-CD39-42E6-BA25-F524C71533D5}.Release|Any CPU.Build.0 = Release|Any CPU
		{46C418E9-D730-4DEA-9C10-72BE58B647F7}.Debug|Any CPU.ActiveCfg = Debug|Any CPU
		{46C418E9-D730-4DEA-9C10-72BE58B647F7}.Debug|Any CPU.Build.0 = Debug|Any CPU
		{46C418E9-D730-4DEA-9C10-72BE58B647F7}.Release|Any CPU.ActiveCfg = Release|Any CPU
		{46C418E9-D730-4DEA-9C10-72BE58B647F7}.Release|Any CPU.Build.0 = Release|Any CPU
	EndGlobalSection
	GlobalSection(SolutionProperties) = preSolution
		HideSolutionNode = FALSE
	EndGlobalSection
	GlobalSection(ExtensibilityGlobals) = postSolution
		SolutionGuid = {AF883DB6-EE53-4484-85F0-C888F59A2F9F}
	EndGlobalSection
EndGlobal
